
Microsoft Visual Studio Solution File, Format Version 10.00
# Visual C++ Express 2008
Project("{8BC9CEB8-8B4A-11D0-8D11-00A0C91BC942}") = "UCAIR09", "UCAIR09\UCAIR09.vcproj", "{C338BA59-29AF-4DF8-834E-CC28F8392481}"
EndProject
Global
	GlobalSection(SolutionConfigurationPlatforms) = preSolution
		Debug|Win32 = Debug|Win32
		Release|Win32 = Release|Win32
	EndGlobalSection
	GlobalSection(ProjectConfigurationPlatforms) = postSolution
		{C338BA59-29AF-4DF8-834E-CC28F8392481}.Debug|Win32.ActiveCfg = Debug|Win32
		{C338BA59-29AF-4DF8-834E-CC28F8392481}.Debug|Win32.Build.0 = Debug|Win32
		{C338BA59-29AF-4DF8-834E-CC28F8392481}.Release|Win32.ActiveCfg = Release|Win32
		{C338BA59-29AF-4DF8-834E-CC28F8392481}.Release|Win32.Build.0 = Release|Win32
	EndGlobalSection
	GlobalSection(SolutionProperties) = preSolution
		HideSolutionNode = FALSE
	EndGlobalSection
EndGlobal
